
Microsoft Visual Studio Solution File, Format Version 12.00
# Visual Studio Version 16
VisualStudioVersion = 16.0.31321.278
MinimumVisualStudioVersion = 10.0.40219.1
Project("{FAE04EC0-301F-11D3-BF4B-00C04F79EFBC}") = "Loginpage", "Loginpage.csproj", "{B112531B-64F0-4271-808A-978E303452CF}"
EndProject
Global
	GlobalSection(SolutionConfigurationPlatforms) = preSolution
		Debug|Any CPU = Debug|Any CPU
		Release|Any CPU = Release|Any CPU
	EndGlobalSection
	GlobalSection(ProjectConfigurationPlatforms) = postSolution
		{B112531B-64F0-4271-808A-978E303452CF}.Debug|Any CPU.ActiveCfg = Debug|Any CPU
		{B112531B-64F0-4271-808A-978E303452CF}.Debug|Any CPU.Build.0 = Debug|Any CPU
		{B112531B-64F0-4271-808A-978E303452CF}.Release|Any CPU.ActiveCfg = Release|Any CPU
		{B112531B-64F0-4271-808A-978E303452CF}.Release|Any CPU.Build.0 = Release|Any CPU
	EndGlobalSection
	GlobalSection(SolutionProperties) = preSolution
		HideSolutionNode = FALSE
	EndGlobalSection
	GlobalSection(ExtensibilityGlobals) = postSolution
		SolutionGuid = {1D7D5785-E0BC-49A2-88D6-929CF9DAE27B}
	EndGlobalSection
EndGlobal
